// !$*UTF8*$!
{
	archiveVersion = 1;
	classes = {
	};
	objectVersion = 46;
	objects = {

/* Begin PBXBuildFile section */
		2C2A9A6D1BD74FE000DF2974 /* Argo.framework in Frameworks */ = {isa = PBXBuildFile; fileRef = 2C2A9A591BD74FA400DF2974 /* Argo.framework */; };
		2C2A9A6E1BD74FE000DF2974 /* Argo.framework in Embed Frameworks */ = {isa = PBXBuildFile; fileRef = 2C2A9A591BD74FA400DF2974 /* Argo.framework */; settings = {ATTRIBUTES = (CodeSignOnCopy, RemoveHeadersOnCopy, ); }; };
		2C2A9A6F1BD74FE000DF2974 /* Disc.framework in Frameworks */ = {isa = PBXBuildFile; fileRef = 2C2A9A5A1BD74FA400DF2974 /* Disc.framework */; };
		2C2A9A701BD74FE000DF2974 /* Disc.framework in Embed Frameworks */ = {isa = PBXBuildFile; fileRef = 2C2A9A5A1BD74FA400DF2974 /* Disc.framework */; settings = {ATTRIBUTES = (CodeSignOnCopy, RemoveHeadersOnCopy, ); }; };
		2C2A9A711BD74FE000DF2974 /* Ogra.framework in Frameworks */ = {isa = PBXBuildFile; fileRef = 2C2A9A5B1BD74FA400DF2974 /* Ogra.framework */; };
		2C2A9A721BD74FE000DF2974 /* Ogra.framework in Embed Frameworks */ = {isa = PBXBuildFile; fileRef = 2C2A9A5B1BD74FA400DF2974 /* Ogra.framework */; settings = {ATTRIBUTES = (CodeSignOnCopy, RemoveHeadersOnCopy, ); }; };
		2C2A9A731BD74FE000DF2974 /* Result.framework in Frameworks */ = {isa = PBXBuildFile; fileRef = 2C2A9A5C1BD74FA400DF2974 /* Result.framework */; };
		2C2A9A741BD74FE000DF2974 /* Result.framework in Embed Frameworks */ = {isa = PBXBuildFile; fileRef = 2C2A9A5C1BD74FA400DF2974 /* Result.framework */; settings = {ATTRIBUTES = (CodeSignOnCopy, RemoveHeadersOnCopy, ); }; };
		2C2A9A751BD74FE000DF2974 /* Swish.framework in Frameworks */ = {isa = PBXBuildFile; fileRef = 2C2A9A5D1BD74FA400DF2974 /* Swish.framework */; };
		2C2A9A761BD74FE000DF2974 /* Swish.framework in Embed Frameworks */ = {isa = PBXBuildFile; fileRef = 2C2A9A5D1BD74FA400DF2974 /* Swish.framework */; settings = {ATTRIBUTES = (CodeSignOnCopy, RemoveHeadersOnCopy, ); }; };
		2C61A3AE1BD741DA0087B295 /* AppDelegate.swift in Sources */ = {isa = PBXBuildFile; fileRef = 2C61A3AD1BD741DA0087B295 /* AppDelegate.swift */; };
		2C61A3B51BD741DA0087B295 /* Assets.xcassets in Resources */ = {isa = PBXBuildFile; fileRef = 2C61A3B41BD741DA0087B295 /* Assets.xcassets */; };
		2C61A3B81BD741DA0087B295 /* LaunchScreen.storyboard in Resources */ = {isa = PBXBuildFile; fileRef = 2C61A3B61BD741DA0087B295 /* LaunchScreen.storyboard */; };
/* End PBXBuildFile section */

/* Begin PBXCopyFilesBuildPhase section */
		2C2A9A771BD74FE100DF2974 /* Embed Frameworks */ = {
			isa = PBXCopyFilesBuildPhase;
			buildActionMask = 2147483647;
			dstPath = "";
			dstSubfolderSpec = 10;
			files = (
				2C2A9A761BD74FE000DF2974 /* Swish.framework in Embed Frameworks */,
				2C2A9A6E1BD74FE000DF2974 /* Argo.framework in Embed Frameworks */,
				2C2A9A721BD74FE000DF2974 /* Ogra.framework in Embed Frameworks */,
				2C2A9A701BD74FE000DF2974 /* Disc.framework in Embed Frameworks */,
				2C2A9A741BD74FE000DF2974 /* Result.framework in Embed Frameworks */,
			);
			name = "Embed Frameworks";
			runOnlyForDeploymentPostprocessing = 0;
		};
/* End PBXCopyFilesBuildPhase section */

/* Begin PBXFileReference section */
		2C2A9A591BD74FA400DF2974 /* Argo.framework */ = {isa = PBXFileReference; lastKnownFileType = wrapper.framework; path = Argo.framework; sourceTree = BUILT_PRODUCTS_DIR; };
		2C2A9A5A1BD74FA400DF2974 /* Disc.framework */ = {isa = PBXFileReference; lastKnownFileType = wrapper.framework; path = Disc.framework; sourceTree = BUILT_PRODUCTS_DIR; };
		2C2A9A5B1BD74FA400DF2974 /* Ogra.framework */ = {isa = PBXFileReference; lastKnownFileType = wrapper.framework; path = Ogra.framework; sourceTree = BUILT_PRODUCTS_DIR; };
		2C2A9A5C1BD74FA400DF2974 /* Result.framework */ = {isa = PBXFileReference; lastKnownFileType = wrapper.framework; path = Result.framework; sourceTree = BUILT_PRODUCTS_DIR; };
		2C2A9A5D1BD74FA400DF2974 /* Swish.framework */ = {isa = PBXFileReference; lastKnownFileType = wrapper.framework; path = Swish.framework; sourceTree = BUILT_PRODUCTS_DIR; };
		2C61A3AA1BD741DA0087B295 /* DemoDisc.app */ = {isa = PBXFileReference; explicitFileType = wrapper.application; includeInIndex = 0; path = DemoDisc.app; sourceTree = BUILT_PRODUCTS_DIR; };
		2C61A3AD1BD741DA0087B295 /* AppDelegate.swift */ = {isa = PBXFileReference; lastKnownFileType = sourcecode.swift; path = AppDelegate.swift; sourceTree = "<group>"; };
		2C61A3B41BD741DA0087B295 /* Assets.xcassets */ = {isa = PBXFileReference; lastKnownFileType = folder.assetcatalog; path = Assets.xcassets; sourceTree = "<group>"; };
		2C61A3B71BD741DA0087B295 /* Base */ = {isa = PBXFileReference; lastKnownFileType = file.storyboard; name = Base; path = Base.lproj/LaunchScreen.storyboard; sourceTree = "<group>"; };
		2C61A3B91BD741DA0087B295 /* Info.plist */ = {isa = PBXFileReference; lastKnownFileType = text.plist.xml; path = Info.plist; sourceTree = "<group>"; };
/* End PBXFileReference section */

/* Begin PBXFrameworksBuildPhase section */
		2C61A3A71BD741DA0087B295 /* Frameworks */ = {
			isa = PBXFrameworksBuildPhase;
			buildActionMask = 2147483647;
			files = (
				2C2A9A751BD74FE000DF2974 /* Swish.framework in Frameworks */,
				2C2A9A6D1BD74FE000DF2974 /* Argo.framework in Frameworks */,
				2C2A9A711BD74FE000DF2974 /* Ogra.framework in Frameworks */,
				2C2A9A6F1BD74FE000DF2974 /* Disc.framework in Frameworks */,
				2C2A9A731BD74FE000DF2974 /* Result.framework in Frameworks */,
			);
			runOnlyForDeploymentPostprocessing = 0;
		};
/* End PBXFrameworksBuildPhase section */

/* Begin PBXGroup section */
		2C61A3A11BD741DA0087B295 = {
			isa = PBXGroup;
			children = (
				2C61A3AC1BD741DA0087B295 /* DemoDisc */,
				2C61A3AB1BD741DA0087B295 /* Products */,
			);
			sourceTree = "<group>";
		};
		2C61A3AB1BD741DA0087B295 /* Products */ = {
			isa = PBXGroup;
			children = (
				2C61A3AA1BD741DA0087B295 /* DemoDisc.app */,
			);
			name = Products;
			sourceTree = "<group>";
		};
		2C61A3AC1BD741DA0087B295 /* DemoDisc */ = {
			isa = PBXGroup;
			children = (
				2C61A3AD1BD741DA0087B295 /* AppDelegate.swift */,
				2C61A3B41BD741DA0087B295 /* Assets.xcassets */,
				2C61A3B61BD741DA0087B295 /* LaunchScreen.storyboard */,
				2C61A3B91BD741DA0087B295 /* Info.plist */,
				2C2A9A591BD74FA400DF2974 /* Argo.framework */,
				2C2A9A5A1BD74FA400DF2974 /* Disc.framework */,
				2C2A9A5B1BD74FA400DF2974 /* Ogra.framework */,
				2C2A9A5C1BD74FA400DF2974 /* Result.framework */,
				2C2A9A5D1BD74FA400DF2974 /* Swish.framework */,
			);
			path = DemoDisc;
			sourceTree = "<group>";
		};
/* End PBXGroup section */

/* Begin PBXNativeTarget section */
		2C61A3A91BD741DA0087B295 /* DemoDisc */ = {
			isa = PBXNativeTarget;
			buildConfigurationList = 2C61A3BC1BD741DA0087B295 /* Build configuration list for PBXNativeTarget "DemoDisc" */;
			buildPhases = (
				2C61A3A61BD741DA0087B295 /* Sources */,
				2C61A3A71BD741DA0087B295 /* Frameworks */,
				2C61A3A81BD741DA0087B295 /* Resources */,
				2C2A9A771BD74FE100DF2974 /* Embed Frameworks */,
			);
			buildRules = (
			);
			dependencies = (
			);
			name = DemoDisc;
			productName = DemoDisc;
			productReference = 2C61A3AA1BD741DA0087B295 /* DemoDisc.app */;
			productType = "com.apple.product-type.application";
		};
/* End PBXNativeTarget section */

/* Begin PBXProject section */
		2C61A3A21BD741DA0087B295 /* Project object */ = {
			isa = PBXProject;
			attributes = {
				LastUpgradeCheck = 0700;
				ORGANIZATIONNAME = "The Grid";
				TargetAttributes = {
					2C61A3A91BD741DA0087B295 = {
						CreatedOnToolsVersion = 7.0.1;
					};
				};
			};
			buildConfigurationList = 2C61A3A51BD741DA0087B295 /* Build configuration list for PBXProject "DemoDisc" */;
			compatibilityVersion = "Xcode 3.2";
			developmentRegion = English;
			hasScannedForEncodings = 0;
			knownRegions = (
				en,
				Base,
			);
			mainGroup = 2C61A3A11BD741DA0087B295;
			productRefGroup = 2C61A3AB1BD741DA0087B295 /* Products */;
			projectDirPath = "";
			projectRoot = "";
			targets = (
				2C61A3A91BD741DA0087B295 /* DemoDisc */,
			);
		};
/* End PBXProject section */

/* Begin PBXResourcesBuildPhase section */
		2C61A3A81BD741DA0087B295 /* Resources */ = {
			isa = PBXResourcesBuildPhase;
			buildActionMask = 2147483647;
			files = (
				2C61A3B81BD741DA0087B295 /* LaunchScreen.storyboard in Resources */,
				2C61A3B51BD741DA0087B295 /* Assets.xcassets in Resources */,
			);
			runOnlyForDeploymentPostprocessing = 0;
		};
/* End PBXResourcesBuildPhase section */

/* Begin PBXSourcesBuildPhase section */
		2C61A3A61BD741DA0087B295 /* Sources */ = {
			isa = PBXSourcesBuildPhase;
			buildActionMask = 2147483647;
			files = (
				2C61A3AE1BD741DA0087B295 /* AppDelegate.swift in Sources */,
			);
			runOnlyForDeploymentPostprocessing = 0;
		};
/* End PBXSourcesBuildPhase section */

/* Begin PBXVariantGroup section */
		2C61A3B61BD741DA0087B295 /* LaunchScreen.storyboard */ = {
			isa = PBXVariantGroup;
			children = (
				2C61A3B71BD741DA0087B295 /* Base */,
			);
			name = LaunchScreen.storyboard;
			sourceTree = "<group>";
		};
/* End PBXVariantGroup section */

/* Begin XCBuildConfiguration section */
		2C61A3BA1BD741DA0087B295 /* Debug */ = {
			isa = XCBuildConfiguration;
			buildSettings = {
				ALWAYS_SEARCH_USER_PATHS = NO;
				CLANG_CXX_LANGUAGE_STANDARD = "gnu++0x";
				CLANG_CXX_LIBRARY = "libc++";
				CLANG_ENABLE_MODULES = YES;
				CLANG_ENABLE_OBJC_ARC = YES;
				CLANG_WARN_BOOL_CONVERSION = YES;
				CLANG_WARN_CONSTANT_CONVERSION = YES;
				CLANG_WARN_DIRECT_OBJC_ISA_USAGE = YES_ERROR;
				CLANG_WARN_EMPTY_BODY = YES;
				CLANG_WARN_ENUM_CONVERSION = YES;
				CLANG_WARN_INT_CONVERSION = YES;
				CLANG_WARN_OBJC_ROOT_CLASS = YES_ERROR;
				CLANG_WARN_UNREACHABLE_CODE = YES;
				CLANG_WARN__DUPLICATE_METHOD_MATCH = YES;
				"CODE_SIGN_IDENTITY[sdk=iphoneos*]" = "iPhone Developer";
				COPY_PHASE_STRIP = NO;
				DEBUG_INFORMATION_FORMAT = dwarf;
				ENABLE_STRICT_OBJC_MSGSEND = YES;
				ENABLE_TESTABILITY = YES;
				GCC_C_LANGUAGE_STANDARD = gnu99;
				GCC_DYNAMIC_NO_PIC = NO;
				GCC_NO_COMMON_BLOCKS = YES;
				GCC_OPTIMIZATION_LEVEL = 0;
				GCC_PREPROCESSOR_DEFINITIONS = (
					"DEBUG=1",
					"$(inherited)",
				);
				GCC_WARN_64_TO_32_BIT_CONVERSION = YES;
				GCC_WARN_ABOUT_RETURN_TYPE = YES_ERROR;
				GCC_WARN_UNDECLARED_SELECTOR = YES;
				GCC_WARN_UNINITIALIZED_AUTOS = YES_AGGRESSIVE;
				GCC_WARN_UNUSED_FUNCTION = YES;
				GCC_WARN_UNUSED_VARIABLE = YES;
				IPHONEOS_DEPLOYMENT_TARGET = 9.0;
				MTL_ENABLE_DEBUG_INFO = YES;
				ONLY_ACTIVE_ARCH = YES;
				SDKROOT = iphoneos;
				SWIFT_OPTIMIZATION_LEVEL = "-Onone";
				TARGETED_DEVICE_FAMILY = "1,2";
			};
			name = Debug;
		};
		2C61A3BB1BD741DA0087B295 /* Release */ = {
			isa = XCBuildConfiguration;
			buildSettings = {
				ALWAYS_SEARCH_USER_PATHS = NO;
				CLANG_CXX_LANGUAGE_STANDARD = "gnu++0x";
				CLANG_CXX_LIBRARY = "libc++";
				CLANG_ENABLE_MODULES = YES;
				CLANG_ENABLE_OBJC_ARC = YES;
				CLANG_WARN_BOOL_CONVERSION = YES;
				CLANG_WARN_CONSTANT_CONVERSION = YES;
				CLANG_WARN_DIRECT_OBJC_ISA_USAGE = YES_ERROR;
				CLANG_WARN_EMPTY_BODY = YES;
				CLANG_WARN_ENUM_CONVERSION = YES;
				CLANG_WARN_INT_CONVERSION = YES;
				CLANG_WARN_OBJC_ROOT_CLASS = YES_ERROR;
				CLANG_WARN_UNREACHABLE_CODE = YES;
				CLANG_WARN__DUPLICATE_METHOD_MATCH = YES;
				"CODE_SIGN_IDENTITY[sdk=iphoneos*]" = "iPhone Developer";
				COPY_PHASE_STRIP = NO;
				DEBUG_INFORMATION_FORMAT = "dwarf-with-dsym";
				ENABLE_NS_ASSERTIONS = NO;
				ENABLE_STRICT_OBJC_MSGSEND = YES;
				GCC_C_LANGUAGE_STANDARD = gnu99;
				GCC_NO_COMMON_BLOCKS = YES;
				GCC_WARN_64_TO_32_BIT_CONVERSION = YES;
				GCC_WARN_ABOUT_RETURN_TYPE = YES_ERROR;
				GCC_WARN_UNDECLARED_SELECTOR = YES;
				GCC_WARN_UNINITIALIZED_AUTOS = YES_AGGRESSIVE;
				GCC_WARN_UNUSED_FUNCTION = YES;
				GCC_WARN_UNUSED_VARIABLE = YES;
				IPHONEOS_DEPLOYMENT_TARGET = 9.0;
				MTL_ENABLE_DEBUG_INFO = NO;
				SDKROOT = iphoneos;
				TARGETED_DEVICE_FAMILY = "1,2";
				VALIDATE_PRODUCT = YES;
			};
			name = Release;
		};
		2C61A3BD1BD741DA0087B295 /* Debug */ = {
			isa = XCBuildConfiguration;
			buildSettings = {
				ASSETCATALOG_COMPILER_APPICON_NAME = AppIcon;
				INFOPLIST_FILE = DemoDisc/Info.plist;
				IPHONEOS_DEPLOYMENT_TARGET = 8.0;
				LD_RUNPATH_SEARCH_PATHS = "$(inherited) @executable_path/Frameworks";
				PRODUCT_BUNDLE_IDENTIFIER = io.thegrid.DemoDisc;
				PRODUCT_NAME = "$(TARGET_NAME)";
			};
			name = Debug;
		};
		2C61A3BE1BD741DA0087B295 /* Release */ = {
			isa = XCBuildConfiguration;
			buildSettings = {
				ASSETCATALOG_COMPILER_APPICON_NAME = AppIcon;
				INFOPLIST_FILE = DemoDisc/Info.plist;
				IPHONEOS_DEPLOYMENT_TARGET = 8.0;
				LD_RUNPATH_SEARCH_PATHS = "$(inherited) @executable_path/Frameworks";
				PRODUCT_BUNDLE_IDENTIFIER = io.thegrid.DemoDisc;
				PRODUCT_NAME = "$(TARGET_NAME)";
			};
			name = Release;
		};
/* End XCBuildConfiguration section */

/* Begin XCConfigurationList section */
		2C61A3A51BD741DA0087B295 /* Build configuration list for PBXProject "DemoDisc" */ = {
			isa = XCConfigurationList;
			buildConfigurations = (
				2C61A3BA1BD741DA0087B295 /* Debug */,
				2C61A3BB1BD741DA0087B295 /* Release */,
			);
			defaultConfigurationIsVisible = 0;
			defaultConfigurationName = Release;
		};
		2C61A3BC1BD741DA0087B295 /* Build configuration list for PBXNativeTarget "DemoDisc" */ = {
			isa = XCConfigurationList;
			buildConfigurations = (
				2C61A3BD1BD741DA0087B295 /* Debug */,
				2C61A3BE1BD741DA0087B295 /* Release */,
			);
			defaultConfigurationIsVisible = 0;
			defaultConfigurationName = Release;
		};
/* End XCConfigurationList section */
	};
	rootObject = 2C61A3A21BD741DA0087B295 /* Project object */;
}
